// !$*UTF8*$!
{
	archiveVersion = 1;
	classes = {
	};
	objectVersion = 50;
	objects = {

/* Begin PBXBuildFile section */
		2EE7EAE623F3D40200CEF144 /* UIViewControllerStoryboard.swift in Sources */ = {isa = PBXBuildFile; fileRef = 2EE7EAE523F3D40200CEF144 /* UIViewControllerStoryboard.swift */; };
		2EE7EAF623F3D7B600CEF144 /* MainPresenter.swift in Sources */ = {isa = PBXBuildFile; fileRef = 2EE7EAF523F3D7B600CEF144 /* MainPresenter.swift */; };
		2EE7EAF823F3D86700CEF144 /* CreatePresenter.swift in Sources */ = {isa = PBXBuildFile; fileRef = 2EE7EAF723F3D86700CEF144 /* CreatePresenter.swift */; };
		2EE7EAFA23F3D8EB00CEF144 /* PickIconPresenter.swift in Sources */ = {isa = PBXBuildFile; fileRef = 2EE7EAF923F3D8EB00CEF144 /* PickIconPresenter.swift */; };
		2EE7EAFC23F3DA5800CEF144 /* SplashController.swift in Sources */ = {isa = PBXBuildFile; fileRef = 2EE7EAFB23F3DA5800CEF144 /* SplashController.swift */; };
		2EE7EAFE23F3DA9000CEF144 /* SplashController.storyboard in Resources */ = {isa = PBXBuildFile; fileRef = 2EE7EAFD23F3DA9000CEF144 /* SplashController.storyboard */; };
		2EE7EB2223F42A4800CEF144 /* PersistenceService.swift in Sources */ = {isa = PBXBuildFile; fileRef = 2EE7EB2123F42A4800CEF144 /* PersistenceService.swift */; };
		2EE7EB2523F42BDA00CEF144 /* ToDoApp.xcdatamodeld in Sources */ = {isa = PBXBuildFile; fileRef = 2EE7EB2323F42BDA00CEF144 /* ToDoApp.xcdatamodeld */; };
		2EE7EB2A23F42ED800CEF144 /* Tasks+CoreDataClass.swift in Sources */ = {isa = PBXBuildFile; fileRef = 2EE7EB2823F42ED800CEF144 /* Tasks+CoreDataClass.swift */; };
		2EE7EB2B23F42ED800CEF144 /* Tasks+CoreDataProperties.swift in Sources */ = {isa = PBXBuildFile; fileRef = 2EE7EB2923F42ED800CEF144 /* Tasks+CoreDataProperties.swift */; };
		2EEDC73223EC339200A6113F /* AppDelegate.swift in Sources */ = {isa = PBXBuildFile; fileRef = 2EEDC73123EC339200A6113F /* AppDelegate.swift */; };
		2EEDC73423EC339200A6113F /* MainViewController.swift in Sources */ = {isa = PBXBuildFile; fileRef = 2EEDC73323EC339200A6113F /* MainViewController.swift */; };
		2EEDC73923EC339400A6113F /* Assets.xcassets in Resources */ = {isa = PBXBuildFile; fileRef = 2EEDC73823EC339400A6113F /* Assets.xcassets */; };
		2EEDC73C23EC339400A6113F /* LaunchScreen.storyboard in Resources */ = {isa = PBXBuildFile; fileRef = 2EEDC73A23EC339400A6113F /* LaunchScreen.storyboard */; };
		2EEDC74523EC3C3500A6113F /* MainViewController.storyboard in Resources */ = {isa = PBXBuildFile; fileRef = 2EEDC74423EC3C3500A6113F /* MainViewController.storyboard */; };
		2EEDC74923EC45D800A6113F /* CreateTaskViewController.swift in Sources */ = {isa = PBXBuildFile; fileRef = 2EEDC74823EC45D800A6113F /* CreateTaskViewController.swift */; };
		2EEDC74B23EC45EE00A6113F /* CreateTaskViewController.storyboard in Resources */ = {isa = PBXBuildFile; fileRef = 2EEDC74A23EC45EE00A6113F /* CreateTaskViewController.storyboard */; };
		2EEDC74E23EC479000A6113F /* StoryboardInitializable.swift in Sources */ = {isa = PBXBuildFile; fileRef = 2EEDC74D23EC479000A6113F /* StoryboardInitializable.swift */; };
		2EEDC75023EC53CB00A6113F /* PickIconViewController.swift in Sources */ = {isa = PBXBuildFile; fileRef = 2EEDC74F23EC53CB00A6113F /* PickIconViewController.swift */; };
		2EEDC75223EC53F000A6113F /* PickIconViewController.storyboard in Resources */ = {isa = PBXBuildFile; fileRef = 2EEDC75123EC53F000A6113F /* PickIconViewController.storyboard */; };
/* End PBXBuildFile section */

/* Begin PBXFileReference section */
		2EE7EAE523F3D40200CEF144 /* UIViewControllerStoryboard.swift */ = {isa = PBXFileReference; lastKnownFileType = sourcecode.swift; path = UIViewControllerStoryboard.swift; sourceTree = "<group>"; };
		2EE7EAF523F3D7B600CEF144 /* MainPresenter.swift */ = {isa = PBXFileReference; lastKnownFileType = sourcecode.swift; name = MainPresenter.swift; path = ToDoApp/Extension/UIkit/MainPresenter.swift; sourceTree = SOURCE_ROOT; };
		2EE7EAF723F3D86700CEF144 /* CreatePresenter.swift */ = {isa = PBXFileReference; lastKnownFileType = sourcecode.swift; name = CreatePresenter.swift; path = ToDoApp/Extension/UIkit/CreatePresenter.swift; sourceTree = SOURCE_ROOT; };
		2EE7EAF923F3D8EB00CEF144 /* PickIconPresenter.swift */ = {isa = PBXFileReference; lastKnownFileType = sourcecode.swift; name = PickIconPresenter.swift; path = ToDoApp/Extension/UIkit/PickIconPresenter.swift; sourceTree = SOURCE_ROOT; };
		2EE7EAFB23F3DA5800CEF144 /* SplashController.swift */ = {isa = PBXFileReference; lastKnownFileType = sourcecode.swift; path = SplashController.swift; sourceTree = "<group>"; };
		2EE7EAFD23F3DA9000CEF144 /* SplashController.storyboard */ = {isa = PBXFileReference; lastKnownFileType = file.storyboard; path = SplashController.storyboard; sourceTree = "<group>"; };
		2EE7EB2123F42A4800CEF144 /* PersistenceService.swift */ = {isa = PBXFileReference; lastKnownFileType = sourcecode.swift; path = PersistenceService.swift; sourceTree = "<group>"; };
		2EE7EB2423F42BDA00CEF144 /* ToDoApp.xcdatamodel */ = {isa = PBXFileReference; lastKnownFileType = wrapper.xcdatamodel; path = ToDoApp.xcdatamodel; sourceTree = "<group>"; };
		2EE7EB2823F42ED800CEF144 /* Tasks+CoreDataClass.swift */ = {isa = PBXFileReference; lastKnownFileType = sourcecode.swift; path = "Tasks+CoreDataClass.swift"; sourceTree = "<group>"; };
		2EE7EB2923F42ED800CEF144 /* Tasks+CoreDataProperties.swift */ = {isa = PBXFileReference; lastKnownFileType = sourcecode.swift; path = "Tasks+CoreDataProperties.swift"; sourceTree = "<group>"; };
		2EEDC72E23EC339200A6113F /* ToDoApp.app */ = {isa = PBXFileReference; explicitFileType = wrapper.application; includeInIndex = 0; path = ToDoApp.app; sourceTree = BUILT_PRODUCTS_DIR; };
		2EEDC73123EC339200A6113F /* AppDelegate.swift */ = {isa = PBXFileReference; lastKnownFileType = sourcecode.swift; path = AppDelegate.swift; sourceTree = "<group>"; };
		2EEDC73323EC339200A6113F /* MainViewController.swift */ = {isa = PBXFileReference; lastKnownFileType = sourcecode.swift; path = MainViewController.swift; sourceTree = "<group>"; };
		2EEDC73823EC339400A6113F /* Assets.xcassets */ = {isa = PBXFileReference; lastKnownFileType = folder.assetcatalog; path = Assets.xcassets; sourceTree = "<group>"; };
		2EEDC73B23EC339400A6113F /* Base */ = {isa = PBXFileReference; lastKnownFileType = file.storyboard; name = Base; path = Base.lproj/LaunchScreen.storyboard; sourceTree = "<group>"; };
		2EEDC73D23EC339400A6113F /* Info.plist */ = {isa = PBXFileReference; lastKnownFileType = text.plist.xml; path = Info.plist; sourceTree = "<group>"; };
		2EEDC74423EC3C3500A6113F /* MainViewController.storyboard */ = {isa = PBXFileReference; lastKnownFileType = file.storyboard; path = MainViewController.storyboard; sourceTree = "<group>"; };
		2EEDC74823EC45D800A6113F /* CreateTaskViewController.swift */ = {isa = PBXFileReference; lastKnownFileType = sourcecode.swift; path = CreateTaskViewController.swift; sourceTree = "<group>"; };
		2EEDC74A23EC45EE00A6113F /* CreateTaskViewController.storyboard */ = {isa = PBXFileReference; lastKnownFileType = file.storyboard; path = CreateTaskViewController.storyboard; sourceTree = "<group>"; };
		2EEDC74D23EC479000A6113F /* StoryboardInitializable.swift */ = {isa = PBXFileReference; lastKnownFileType = sourcecode.swift; path = StoryboardInitializable.swift; sourceTree = "<group>"; };
		2EEDC74F23EC53CB00A6113F /* PickIconViewController.swift */ = {isa = PBXFileReference; lastKnownFileType = sourcecode.swift; path = PickIconViewController.swift; sourceTree = "<group>"; };
		2EEDC75123EC53F000A6113F /* PickIconViewController.storyboard */ = {isa = PBXFileReference; lastKnownFileType = file.storyboard; path = PickIconViewController.storyboard; sourceTree = "<group>"; };
/* End PBXFileReference section */

/* Begin PBXFrameworksBuildPhase section */
		2EEDC72B23EC339200A6113F /* Frameworks */ = {
			isa = PBXFrameworksBuildPhase;
			buildActionMask = 2147483647;
			files = (
			);
			runOnlyForDeploymentPostprocessing = 0;
		};
/* End PBXFrameworksBuildPhase section */

/* Begin PBXGroup section */
		2EE7EAE223F3D29B00CEF144 /* Splash */ = {
			isa = PBXGroup;
			children = (
				2EE7EAFB23F3DA5800CEF144 /* SplashController.swift */,
				2EE7EAFD23F3DA9000CEF144 /* SplashController.storyboard */,
				2EEDC73A23EC339400A6113F /* LaunchScreen.storyboard */,
			);
			path = Splash;
			sourceTree = "<group>";
		};
		2EE7EAE323F3D39500CEF144 /* Protocols */ = {
			isa = PBXGroup;
			children = (
				2EEDC74D23EC479000A6113F /* StoryboardInitializable.swift */,
			);
			path = Protocols;
			sourceTree = "<group>";
		};
		2EE7EAE423F3D3D200CEF144 /* UIkit */ = {
			isa = PBXGroup;
			children = (
				2EE7EAE523F3D40200CEF144 /* UIViewControllerStoryboard.swift */,
			);
			path = UIkit;
			sourceTree = "<group>";
		};
		2EE7EAE723F3D46300CEF144 /* Resourses */ = {
			isa = PBXGroup;
			children = (
				2EE7EAE823F3D48800CEF144 /* Assets */,
				2EE7EAE923F3D49600CEF144 /* Plist */,
			);
			path = Resourses;
			sourceTree = "<group>";
		};
		2EE7EAE823F3D48800CEF144 /* Assets */ = {
			isa = PBXGroup;
			children = (
				2EEDC73823EC339400A6113F /* Assets.xcassets */,
			);
			path = Assets;
			sourceTree = "<group>";
		};
		2EE7EAE923F3D49600CEF144 /* Plist */ = {
			isa = PBXGroup;
			children = (
				2EEDC73D23EC339400A6113F /* Info.plist */,
			);
			path = Plist;
			sourceTree = "<group>";
		};
		2EE7EAEA23F3D5FA00CEF144 /* Modules */ = {
			isa = PBXGroup;
			children = (
				2EE7EAEC23F3D6B100CEF144 /* Main */,
				2EE7EAEF23F3D6E100CEF144 /* Create */,
				2EE7EAF223F3D71200CEF144 /* PickIcon */,
				2EE7EAE223F3D29B00CEF144 /* Splash */,
			);
			path = Modules;
			sourceTree = "<group>";
		};
		2EE7EAEB23F3D64900CEF144 /* Application */ = {
			isa = PBXGroup;
			children = (
				2EEDC73123EC339200A6113F /* AppDelegate.swift */,
			);
			path = Application;
			sourceTree = "<group>";
		};
		2EE7EAEC23F3D6B100CEF144 /* Main */ = {
			isa = PBXGroup;
			children = (
				2EE7EAEE23F3D6D300CEF144 /* Presenter */,
				2EE7EAED23F3D6C700CEF144 /* View */,
			);
			path = Main;
			sourceTree = "<group>";
		};
		2EE7EAED23F3D6C700CEF144 /* View */ = {
			isa = PBXGroup;
			children = (
				2EEDC73323EC339200A6113F /* MainViewController.swift */,
				2EEDC74423EC3C3500A6113F /* MainViewController.storyboard */,
			);
			path = View;
			sourceTree = "<group>";
		};
		2EE7EAEE23F3D6D300CEF144 /* Presenter */ = {
			isa = PBXGroup;
			children = (
				2EE7EAF523F3D7B600CEF144 /* MainPresenter.swift */,
			);
			path = Presenter;
			sourceTree = "<group>";
		};
		2EE7EAEF23F3D6E100CEF144 /* Create */ = {
			isa = PBXGroup;
			children = (
				2EE7EAF123F3D70000CEF144 /* Presenter */,
				2EE7EAF023F3D6F800CEF144 /* View */,
			);
			path = Create;
			sourceTree = "<group>";
		};
		2EE7EAF023F3D6F800CEF144 /* View */ = {
			isa = PBXGroup;
			children = (
				2EEDC74823EC45D800A6113F /* CreateTaskViewController.swift */,
				2EEDC74A23EC45EE00A6113F /* CreateTaskViewController.storyboard */,
			);
			path = View;
			sourceTree = "<group>";
		};
		2EE7EAF123F3D70000CEF144 /* Presenter */ = {
			isa = PBXGroup;
			children = (
				2EE7EAF723F3D86700CEF144 /* CreatePresenter.swift */,
			);
			path = Presenter;
			sourceTree = "<group>";
		};
		2EE7EAF223F3D71200CEF144 /* PickIcon */ = {
			isa = PBXGroup;
			children = (
				2EE7EAF423F3D72400CEF144 /* Presenter */,
				2EE7EAF323F3D71E00CEF144 /* View */,
			);
			path = PickIcon;
			sourceTree = "<group>";
		};
		2EE7EAF323F3D71E00CEF144 /* View */ = {
			isa = PBXGroup;
			children = (
				2EEDC74F23EC53CB00A6113F /* PickIconViewController.swift */,
				2EEDC75123EC53F000A6113F /* PickIconViewController.storyboard */,
			);
			path = View;
			sourceTree = "<group>";
		};
		2EE7EAF423F3D72400CEF144 /* Presenter */ = {
			isa = PBXGroup;
			children = (
				2EE7EAF923F3D8EB00CEF144 /* PickIconPresenter.swift */,
			);
			path = Presenter;
			sourceTree = "<group>";
		};
		2EE7EB1123F422AF00CEF144 /* CoreData */ = {
			isa = PBXGroup;
			children = (
				2EE7EB2123F42A4800CEF144 /* PersistenceService.swift */,
				2EE7EB2823F42ED800CEF144 /* Tasks+CoreDataClass.swift */,
				2EE7EB2923F42ED800CEF144 /* Tasks+CoreDataProperties.swift */,
				2EE7EB1923F4246200CEF144 /* Model */,
			);
			path = CoreData;
			sourceTree = "<group>";
		};
		2EE7EB1923F4246200CEF144 /* Model */ = {
			isa = PBXGroup;
			children = (
			);
			path = Model;
			sourceTree = "<group>";
		};
		2EEDC72523EC339200A6113F = {
			isa = PBXGroup;
			children = (
				2EE7EB2323F42BDA00CEF144 /* ToDoApp.xcdatamodeld */,
				2EE7EB1123F422AF00CEF144 /* CoreData */,
				2EEDC73023EC339200A6113F /* ToDoApp */,
				2EE7EAE723F3D46300CEF144 /* Resourses */,
				2EEDC72F23EC339200A6113F /* Products */,
			);
			sourceTree = "<group>";
		};
		2EEDC72F23EC339200A6113F /* Products */ = {
			isa = PBXGroup;
			children = (
				2EEDC72E23EC339200A6113F /* ToDoApp.app */,
			);
			name = Products;
			sourceTree = "<group>";
		};
		2EEDC73023EC339200A6113F /* ToDoApp */ = {
			isa = PBXGroup;
			children = (
				2EE7EAEB23F3D64900CEF144 /* Application */,
				2EEDC74C23EC476500A6113F /* Extension */,
				2EE7EAE323F3D39500CEF144 /* Protocols */,
				2EE7EAEA23F3D5FA00CEF144 /* Modules */,
			);
			path = ToDoApp;
			sourceTree = "<group>";
		};
		2EEDC74C23EC476500A6113F /* Extension */ = {
			isa = PBXGroup;
			children = (
				2EE7EAE423F3D3D200CEF144 /* UIkit */,
			);
			path = Extension;
			sourceTree = "<group>";
		};
/* End PBXGroup section */

/* Begin PBXNativeTarget section */
		2EEDC72D23EC339200A6113F /* ToDoApp */ = {
			isa = PBXNativeTarget;
			buildConfigurationList = 2EEDC74023EC339400A6113F /* Build configuration list for PBXNativeTarget "ToDoApp" */;
			buildPhases = (
				2EEDC72A23EC339200A6113F /* Sources */,
				2EEDC72B23EC339200A6113F /* Frameworks */,
				2EEDC72C23EC339200A6113F /* Resources */,
				2EE7EB1023F4191800CEF144 /* ShellScript */,
			);
			buildRules = (
			);
			dependencies = (
			);
			name = ToDoApp;
			productName = ToDoApp;
			productReference = 2EEDC72E23EC339200A6113F /* ToDoApp.app */;
			productType = "com.apple.product-type.application";
		};
/* End PBXNativeTarget section */

/* Begin PBXProject section */
		2EEDC72623EC339200A6113F /* Project object */ = {
			isa = PBXProject;
			attributes = {
				LastSwiftUpdateCheck = 1030;
				LastUpgradeCheck = 1030;
				ORGANIZATIONNAME = "Egor Syrtcov";
				TargetAttributes = {
					2EEDC72D23EC339200A6113F = {
						CreatedOnToolsVersion = 10.3;
					};
				};
			};
			buildConfigurationList = 2EEDC72923EC339200A6113F /* Build configuration list for PBXProject "ToDoApp" */;
			compatibilityVersion = "Xcode 9.3";
			developmentRegion = en;
			hasScannedForEncodings = 0;
			knownRegions = (
				en,
				Base,
			);
			mainGroup = 2EEDC72523EC339200A6113F;
			productRefGroup = 2EEDC72F23EC339200A6113F /* Products */;
			projectDirPath = "";
			projectRoot = "";
			targets = (
				2EEDC72D23EC339200A6113F /* ToDoApp */,
			);
		};
/* End PBXProject section */

/* Begin PBXResourcesBuildPhase section */
		2EEDC72C23EC339200A6113F /* Resources */ = {
			isa = PBXResourcesBuildPhase;
			buildActionMask = 2147483647;
			files = (
				2EEDC74B23EC45EE00A6113F /* CreateTaskViewController.storyboard in Resources */,
				2EEDC73C23EC339400A6113F /* LaunchScreen.storyboard in Resources */,
				2EEDC73923EC339400A6113F /* Assets.xcassets in Resources */,
				2EEDC74523EC3C3500A6113F /* MainViewController.storyboard in Resources */,
				2EEDC75223EC53F000A6113F /* PickIconViewController.storyboard in Resources */,
				2EE7EAFE23F3DA9000CEF144 /* SplashController.storyboard in Resources */,
			);
			runOnlyForDeploymentPostprocessing = 0;
		};
/* End PBXResourcesBuildPhase section */

/* Begin PBXShellScriptBuildPhase section */
		2EE7EB1023F4191800CEF144 /* ShellScript */ = {
			isa = PBXShellScriptBuildPhase;
			buildActionMask = 2147483647;
			files = (
			);
			inputFileListPaths = (
			);
			inputPaths = (
			);
			outputFileListPaths = (
			);
			outputPaths = (
			);
			runOnlyForDeploymentPostprocessing = 0;
			shellPath = /bin/sh;
			shellScript = "if which swiftlint >/dev/null; then\nswiftlint\nelse\necho \"warning: SwiftLint not installed, download from https://github.com/realm/SwiftLint\"\nfi\n";
		};
/* End PBXShellScriptBuildPhase section */

/* Begin PBXSourcesBuildPhase section */
		2EEDC72A23EC339200A6113F /* Sources */ = {
			isa = PBXSourcesBuildPhase;
			buildActionMask = 2147483647;
			files = (
				2EEDC73423EC339200A6113F /* MainViewController.swift in Sources */,
				2EE7EB2B23F42ED800CEF144 /* Tasks+CoreDataProperties.swift in Sources */,
				2EEDC73223EC339200A6113F /* AppDelegate.swift in Sources */,
				2EE7EAF823F3D86700CEF144 /* CreatePresenter.swift in Sources */,
				2EE7EAE623F3D40200CEF144 /* UIViewControllerStoryboard.swift in Sources */,
				2EE7EAF623F3D7B600CEF144 /* MainPresenter.swift in Sources */,
				2EE7EAFA23F3D8EB00CEF144 /* PickIconPresenter.swift in Sources */,
				2EE7EB2223F42A4800CEF144 /* PersistenceService.swift in Sources */,
				2EE7EB2523F42BDA00CEF144 /* ToDoApp.xcdatamodeld in Sources */,
				2EE7EAFC23F3DA5800CEF144 /* SplashController.swift in Sources */,
				2EEDC74E23EC479000A6113F /* StoryboardInitializable.swift in Sources */,
				2EEDC74923EC45D800A6113F /* CreateTaskViewController.swift in Sources */,
				2EE7EB2A23F42ED800CEF144 /* Tasks+CoreDataClass.swift in Sources */,
				2EEDC75023EC53CB00A6113F /* PickIconViewController.swift in Sources */,
			);
			runOnlyForDeploymentPostprocessing = 0;
		};
/* End PBXSourcesBuildPhase section */

/* Begin PBXVariantGroup section */
		2EEDC73A23EC339400A6113F /* LaunchScreen.storyboard */ = {
			isa = PBXVariantGroup;
			children = (
				2EEDC73B23EC339400A6113F /* Base */,
			);
			name = LaunchScreen.storyboard;
			sourceTree = "<group>";
		};
/* End PBXVariantGroup section */

/* Begin XCBuildConfiguration section */
		2EEDC73E23EC339400A6113F /* Debug */ = {
			isa = XCBuildConfiguration;
			buildSettings = {
				ALWAYS_SEARCH_USER_PATHS = NO;
				CLANG_ANALYZER_NONNULL = YES;
				CLANG_ANALYZER_NUMBER_OBJECT_CONVERSION = YES_AGGRESSIVE;
				CLANG_CXX_LANGUAGE_STANDARD = "gnu++14";
				CLANG_CXX_LIBRARY = "libc++";
				CLANG_ENABLE_MODULES = YES;
				CLANG_ENABLE_OBJC_ARC = YES;
				CLANG_ENABLE_OBJC_WEAK = YES;
				CLANG_WARN_BLOCK_CAPTURE_AUTORELEASING = YES;
				CLANG_WARN_BOOL_CONVERSION = YES;
				CLANG_WARN_COMMA = YES;
				CLANG_WARN_CONSTANT_CONVERSION = YES;
				CLANG_WARN_DEPRECATED_OBJC_IMPLEMENTATIONS = YES;
				CLANG_WARN_DIRECT_OBJC_ISA_USAGE = YES_ERROR;
				CLANG_WARN_DOCUMENTATION_COMMENTS = YES;
				CLANG_WARN_EMPTY_BODY = YES;
				CLANG_WARN_ENUM_CONVERSION = YES;
				CLANG_WARN_INFINITE_RECURSION = YES;
				CLANG_WARN_INT_CONVERSION = YES;
				CLANG_WARN_NON_LITERAL_NULL_CONVERSION = YES;
				CLANG_WARN_OBJC_IMPLICIT_RETAIN_SELF = YES;
				CLANG_WARN_OBJC_LITERAL_CONVERSION = YES;
				CLANG_WARN_OBJC_ROOT_CLASS = YES_ERROR;
				CLANG_WARN_RANGE_LOOP_ANALYSIS = YES;
				CLANG_WARN_STRICT_PROTOTYPES = YES;
				CLANG_WARN_SUSPICIOUS_MOVE = YES;
				CLANG_WARN_UNGUARDED_AVAILABILITY = YES_AGGRESSIVE;
				CLANG_WARN_UNREACHABLE_CODE = YES;
				CLANG_WARN__DUPLICATE_METHOD_MATCH = YES;
				CODE_SIGN_IDENTITY = "iPhone Developer";
				COPY_PHASE_STRIP = NO;
				DEBUG_INFORMATION_FORMAT = dwarf;
				ENABLE_STRICT_OBJC_MSGSEND = YES;
				ENABLE_TESTABILITY = YES;
				GCC_C_LANGUAGE_STANDARD = gnu11;
				GCC_DYNAMIC_NO_PIC = NO;
				GCC_NO_COMMON_BLOCKS = YES;
				GCC_OPTIMIZATION_LEVEL = 0;
				GCC_PREPROCESSOR_DEFINITIONS = (
					"DEBUG=1",
					"$(inherited)",
				);
				GCC_WARN_64_TO_32_BIT_CONVERSION = YES;
				GCC_WARN_ABOUT_RETURN_TYPE = YES_ERROR;
				GCC_WARN_UNDECLARED_SELECTOR = YES;
				GCC_WARN_UNINITIALIZED_AUTOS = YES_AGGRESSIVE;
				GCC_WARN_UNUSED_FUNCTION = YES;
				GCC_WARN_UNUSED_VARIABLE = YES;
				IPHONEOS_DEPLOYMENT_TARGET = 12.4;
				MTL_ENABLE_DEBUG_INFO = INCLUDE_SOURCE;
				MTL_FAST_MATH = YES;
				ONLY_ACTIVE_ARCH = YES;
				SDKROOT = iphoneos;
				SWIFT_ACTIVE_COMPILATION_CONDITIONS = DEBUG;
				SWIFT_OPTIMIZATION_LEVEL = "-Onone";
			};
			name = Debug;
		};
		2EEDC73F23EC339400A6113F /* Release */ = {
			isa = XCBuildConfiguration;
			buildSettings = {
				ALWAYS_SEARCH_USER_PATHS = NO;
				CLANG_ANALYZER_NONNULL = YES;
				CLANG_ANALYZER_NUMBER_OBJECT_CONVERSION = YES_AGGRESSIVE;
				CLANG_CXX_LANGUAGE_STANDARD = "gnu++14";
				CLANG_CXX_LIBRARY = "libc++";
				CLANG_ENABLE_MODULES = YES;
				CLANG_ENABLE_OBJC_ARC = YES;
				CLANG_ENABLE_OBJC_WEAK = YES;
				CLANG_WARN_BLOCK_CAPTURE_AUTORELEASING = YES;
				CLANG_WARN_BOOL_CONVERSION = YES;
				CLANG_WARN_COMMA = YES;
				CLANG_WARN_CONSTANT_CONVERSION = YES;
				CLANG_WARN_DEPRECATED_OBJC_IMPLEMENTATIONS = YES;
				CLANG_WARN_DIRECT_OBJC_ISA_USAGE = YES_ERROR;
				CLANG_WARN_DOCUMENTATION_COMMENTS = YES;
				CLANG_WARN_EMPTY_BODY = YES;
				CLANG_WARN_ENUM_CONVERSION = YES;
				CLANG_WARN_INFINITE_RECURSION = YES;
				CLANG_WARN_INT_CONVERSION = YES;
				CLANG_WARN_NON_LITERAL_NULL_CONVERSION = YES;
				CLANG_WARN_OBJC_IMPLICIT_RETAIN_SELF = YES;
				CLANG_WARN_OBJC_LITERAL_CONVERSION = YES;
				CLANG_WARN_OBJC_ROOT_CLASS = YES_ERROR;
				CLANG_WARN_RANGE_LOOP_ANALYSIS = YES;
				CLANG_WARN_STRICT_PROTOTYPES = YES;
				CLANG_WARN_SUSPICIOUS_MOVE = YES;
				CLANG_WARN_UNGUARDED_AVAILABILITY = YES_AGGRESSIVE;
				CLANG_WARN_UNREACHABLE_CODE = YES;
				CLANG_WARN__DUPLICATE_METHOD_MATCH = YES;
				CODE_SIGN_IDENTITY = "iPhone Developer";
				COPY_PHASE_STRIP = NO;
				DEBUG_INFORMATION_FORMAT = "dwarf-with-dsym";
				ENABLE_NS_ASSERTIONS = NO;
				ENABLE_STRICT_OBJC_MSGSEND = YES;
				GCC_C_LANGUAGE_STANDARD = gnu11;
				GCC_NO_COMMON_BLOCKS = YES;
				GCC_WARN_64_TO_32_BIT_CONVERSION = YES;
				GCC_WARN_ABOUT_RETURN_TYPE = YES_ERROR;
				GCC_WARN_UNDECLARED_SELECTOR = YES;
				GCC_WARN_UNINITIALIZED_AUTOS = YES_AGGRESSIVE;
				GCC_WARN_UNUSED_FUNCTION = YES;
				GCC_WARN_UNUSED_VARIABLE = YES;
				IPHONEOS_DEPLOYMENT_TARGET = 12.4;
				MTL_ENABLE_DEBUG_INFO = NO;
				MTL_FAST_MATH = YES;
				SDKROOT = iphoneos;
				SWIFT_COMPILATION_MODE = wholemodule;
				SWIFT_OPTIMIZATION_LEVEL = "-O";
				VALIDATE_PRODUCT = YES;
			};
			name = Release;
		};
		2EEDC74123EC339400A6113F /* Debug */ = {
			isa = XCBuildConfiguration;
			buildSettings = {
				ASSETCATALOG_COMPILER_APPICON_NAME = AppIcon;
				CODE_SIGN_STYLE = Automatic;
				DEVELOPMENT_TEAM = FFYJJ79MSE;
				INFOPLIST_FILE = "$(SRCROOT)/Resourses/Plist/Info.plist";
				IPHONEOS_DEPLOYMENT_TARGET = 12.0;
				LD_RUNPATH_SEARCH_PATHS = (
					"$(inherited)",
					"@executable_path/Frameworks",
				);
				PRODUCT_BUNDLE_IDENTIFIER = "sev-84.ToDoApp";
				PRODUCT_NAME = "$(TARGET_NAME)";
				SWIFT_VERSION = 5.0;
				TARGETED_DEVICE_FAMILY = "1,2";
			};
			name = Debug;
		};
		2EEDC74223EC339400A6113F /* Release */ = {
			isa = XCBuildConfiguration;
			buildSettings = {
				ASSETCATALOG_COMPILER_APPICON_NAME = AppIcon;
				CODE_SIGN_STYLE = Automatic;
				DEVELOPMENT_TEAM = FFYJJ79MSE;
				INFOPLIST_FILE = "$(SRCROOT)/Resourses/Plist/Info.plist";
				IPHONEOS_DEPLOYMENT_TARGET = 12.0;
				LD_RUNPATH_SEARCH_PATHS = (
					"$(inherited)",
					"@executable_path/Frameworks",
				);
				PRODUCT_BUNDLE_IDENTIFIER = "sev-84.ToDoApp";
				PRODUCT_NAME = "$(TARGET_NAME)";
				SWIFT_VERSION = 5.0;
				TARGETED_DEVICE_FAMILY = "1,2";
			};
			name = Release;
		};
/* End XCBuildConfiguration section */

/* Begin XCConfigurationList section */
		2EEDC72923EC339200A6113F /* Build configuration list for PBXProject "ToDoApp" */ = {
			isa = XCConfigurationList;
			buildConfigurations = (
				2EEDC73E23EC339400A6113F /* Debug */,
				2EEDC73F23EC339400A6113F /* Release */,
			);
			defaultConfigurationIsVisible = 0;
			defaultConfigurationName = Release;
		};
		2EEDC74023EC339400A6113F /* Build configuration list for PBXNativeTarget "ToDoApp" */ = {
			isa = XCConfigurationList;
			buildConfigurations = (
				2EEDC74123EC339400A6113F /* Debug */,
				2EEDC74223EC339400A6113F /* Release */,
			);
			defaultConfigurationIsVisible = 0;
			defaultConfigurationName = Release;
		};
/* End XCConfigurationList section */

/* Begin XCVersionGroup section */
		2EE7EB2323F42BDA00CEF144 /* ToDoApp.xcdatamodeld */ = {
			isa = XCVersionGroup;
			children = (
				2EE7EB2423F42BDA00CEF144 /* ToDoApp.xcdatamodel */,
			);
			currentVersion = 2EE7EB2423F42BDA00CEF144 /* ToDoApp.xcdatamodel */;
			path = ToDoApp.xcdatamodeld;
			sourceTree = "<group>";
			versionGroupType = wrapper.xcdatamodel;
		};
/* End XCVersionGroup section */
	};
	rootObject = 2EEDC72623EC339200A6113F /* Project object */;
}
